
Microsoft Visual Studio Solution File, Format Version 12.00
# Visual Studio Version 17
VisualStudioVersion = 17.8.34322.80
MinimumVisualStudioVersion = 10.0.40219.1
Project("{2150E333-8FDC-42A3-9474-1A3956D46DE8}") = "src", "src", "{6F1CB678-C2FD-4EC5-8AAE-04050A4A832F}"
EndProject
Project("{2150E333-8FDC-42A3-9474-1A3956D46DE8}") = "tests", "tests", "{59FE5FC6-B4CF-450E-9881-A1FE779A5BEE}"
EndProject
Project("{2150E333-8FDC-42A3-9474-1A3956D46DE8}") = "ApiGateway", "ApiGateway", "{C7A4F037-4ED9-4D70-94AE-79A061976442}"
EndProject
Project("{2150E333-8FDC-42A3-9474-1A3956D46DE8}") = "Infrastructure", "Infrastructure", "{EDFDA68E-C626-4CCD-9527-B24BD0859389}"
EndProject
Project("{2150E333-8FDC-42A3-9474-1A3956D46DE8}") = "kubernetes", "kubernetes", "{A166FE62-72F5-414B-B217-983857304439}"
EndProject
Project("{2150E333-8FDC-42A3-9474-1A3956D46DE8}") = "Services", "Services", "{6B4E1A3A-8498-4C82-AAC1-644853A853E0}"
EndProject
Project("{2150E333-8FDC-42A3-9474-1A3956D46DE8}") = "AdminService", "AdminService", "{08165A64-F28F-446F-8559-0EE162980846}"
EndProject
Project("{2150E333-8FDC-42A3-9474-1A3956D46DE8}") = "CharacterService", "CharacterService", "{26C3D650-8258-439A-8F3C-D505123D739F}"
EndProject
Project("{2150E333-8FDC-42A3-9474-1A3956D46DE8}") = "EconomyService", "EconomyService", "{3057541D-8595-4711-8436-1B02AB0D7775}"
EndProject
Project("{2150E333-8FDC-42A3-9474-1A3956D46DE8}") = "EventService", "EventService", "{70DC8E00-9F4C-437B-B2AB-C888BC9F43D7}"
EndProject
Project("{2150E333-8FDC-42A3-9474-1A3956D46DE8}") = "InventoryService", "InventoryService", "{5EEA8C57-DCD6-443D-9547-BF619E9908D4}"
EndProject
Project("{2150E333-8FDC-42A3-9474-1A3956D46DE8}") = "NotificationService", "NotificationService", "{9AD057E6-BE26-4C47-BDD6-D58B0D62DA7F}"
EndProject
Project("{2150E333-8FDC-42A3-9474-1A3956D46DE8}") = "ProfessionalService", "ProfessionalService", "{07BDDAE5-8807-47CD-9466-DED83483957A}"
EndProject
Project("{2150E333-8FDC-42A3-9474-1A3956D46DE8}") = "QuestService", "QuestService", "{233D9FCB-3BE1-4034-B8AF-ABB8572A7E03}"
EndProject
Project("{2150E333-8FDC-42A3-9474-1A3956D46DE8}") = "ShopService", "ShopService", "{2C47024B-AF58-413E-83F6-7059FF87BD35}"
EndProject
Project("{2150E333-8FDC-42A3-9474-1A3956D46DE8}") = "SocialService", "SocialService", "{6D3B0A80-7AE2-486A-AD4C-6CAD72DBC4D9}"
EndProject
Global
	GlobalSection(SolutionProperties) = preSolution
		HideSolutionNode = FALSE
	EndGlobalSection
	GlobalSection(NestedProjects) = preSolution
		{C7A4F037-4ED9-4D70-94AE-79A061976442} = {6F1CB678-C2FD-4EC5-8AAE-04050A4A832F}
		{EDFDA68E-C626-4CCD-9527-B24BD0859389} = {6F1CB678-C2FD-4EC5-8AAE-04050A4A832F}
		{A166FE62-72F5-414B-B217-983857304439} = {6F1CB678-C2FD-4EC5-8AAE-04050A4A832F}
		{6B4E1A3A-8498-4C82-AAC1-644853A853E0} = {6F1CB678-C2FD-4EC5-8AAE-04050A4A832F}
		{08165A64-F28F-446F-8559-0EE162980846} = {6B4E1A3A-8498-4C82-AAC1-644853A853E0}
		{26C3D650-8258-439A-8F3C-D505123D739F} = {6B4E1A3A-8498-4C82-AAC1-644853A853E0}
		{3057541D-8595-4711-8436-1B02AB0D7775} = {6B4E1A3A-8498-4C82-AAC1-644853A853E0}
		{70DC8E00-9F4C-437B-B2AB-C888BC9F43D7} = {6B4E1A3A-8498-4C82-AAC1-644853A853E0}
		{5EEA8C57-DCD6-443D-9547-BF619E9908D4} = {6B4E1A3A-8498-4C82-AAC1-644853A853E0}
		{9AD057E6-BE26-4C47-BDD6-D58B0D62DA7F} = {6B4E1A3A-8498-4C82-AAC1-644853A853E0}
		{07BDDAE5-8807-47CD-9466-DED83483957A} = {6B4E1A3A-8498-4C82-AAC1-644853A853E0}
		{233D9FCB-3BE1-4034-B8AF-ABB8572A7E03} = {6B4E1A3A-8498-4C82-AAC1-644853A853E0}
		{2C47024B-AF58-413E-83F6-7059FF87BD35} = {6B4E1A3A-8498-4C82-AAC1-644853A853E0}
		{6D3B0A80-7AE2-486A-AD4C-6CAD72DBC4D9} = {6B4E1A3A-8498-4C82-AAC1-644853A853E0}
	EndGlobalSection
	GlobalSection(ExtensibilityGlobals) = postSolution
		SolutionGuid = {482B5CF2-7D3C-4F80-B380-B0DE1F085D03}
	EndGlobalSection
EndGlobal
