
Microsoft Visual Studio Solution File, Format Version 12.00
# Visual Studio Version 17
VisualStudioVersion = 17.8.34322.80
MinimumVisualStudioVersion = 10.0.40219.1
Project("{2150E333-8FDC-42A3-9474-1A3956D46DE8}") = "src", "src", "{6F1CB678-C2FD-4EC5-8AAE-04050A4A832F}"
EndProject
Project("{2150E333-8FDC-42A3-9474-1A3956D46DE8}") = "tests", "tests", "{59FE5FC6-B4CF-450E-9881-A1FE779A5BEE}"
EndProject
Project("{2150E333-8FDC-42A3-9474-1A3956D46DE8}") = "ApiGateway", "ApiGateway", "{C7A4F037-4ED9-4D70-94AE-79A061976442}"
EndProject
Project("{2150E333-8FDC-42A3-9474-1A3956D46DE8}") = "Infrastructure", "Infrastructure", "{EDFDA68E-C626-4CCD-9527-B24BD0859389}"
EndProject
Project("{2150E333-8FDC-42A3-9474-1A3956D46DE8}") = "kubernetes", "kubernetes", "{A166FE62-72F5-414B-B217-983857304439}"
EndProject
Project("{2150E333-8FDC-42A3-9474-1A3956D46DE8}") = "Services", "Services", "{6B4E1A3A-8498-4C82-AAC1-644853A853E0}"
EndProject
Project("{9A19103F-16F7-4668-BE54-9A1E7A4F7556}") = "AdminService.Api", "src\Services\AdminService\AdminService.Api\AdminService.Api.csproj", "{880BD754-2DD5-4AC0-A6E7-59B93163D562}"
EndProject
Project("{9A19103F-16F7-4668-BE54-9A1E7A4F7556}") = "AdminService.Application", "src\Services\AdminService\AdminService.Application\AdminService.Application.csproj", "{9A7A20FF-1B28-4BF3-B912-F20E24EFFEED}"
EndProject
Project("{9A19103F-16F7-4668-BE54-9A1E7A4F7556}") = "AdminService.Core", "src\Services\AdminService\AdminService.Domain\AdminService.Core.csproj", "{6CE8B2D1-1E5B-4223-9DA7-1B085E21435B}"
EndProject
Project("{9A19103F-16F7-4668-BE54-9A1E7A4F7556}") = "AdminService.Infrastructure", "src\Services\AdminService\AdminService.Infrastructure\AdminService.Infrastructure.csproj", "{397F00B6-1DA3-43D6-B42C-0233638DF8BF}"
EndProject
Project("{9A19103F-16F7-4668-BE54-9A1E7A4F7556}") = "CharacterService.Api", "src\Services\CharacterService\CharacterService.Api\CharacterService.Api.csproj", "{A794DC19-D95B-4277-95B0-43524E8922D5}"
EndProject
Project("{9A19103F-16F7-4668-BE54-9A1E7A4F7556}") = "CharacterService.Application", "src\Services\CharacterService\CharacterService.Application\CharacterService.Application.csproj", "{EE4D057E-6C86-489E-8911-2A092C3E77B8}"
EndProject
Project("{9A19103F-16F7-4668-BE54-9A1E7A4F7556}") = "CharacterService.Core", "src\Services\CharacterService\CharacterService.Domain\CharacterService.Core.csproj", "{DC59D189-B70C-428C-A389-87F14D96A241}"
EndProject
Project("{9A19103F-16F7-4668-BE54-9A1E7A4F7556}") = "CharacterService.Infrastructure", "src\Services\CharacterService\CharacterService.Infrastructure\CharacterService.Infrastructure.csproj", "{C7179E56-49B2-4DD2-A8FA-2041CB3AAAAE}"
EndProject
Project("{9A19103F-16F7-4668-BE54-9A1E7A4F7556}") = "EconomyService.Api", "src\Services\EconomyService\EconomyService.Api\EconomyService.Api.csproj", "{5CE1C8D5-824B-4394-824F-6B2B7B8FA03D}"
EndProject
Project("{9A19103F-16F7-4668-BE54-9A1E7A4F7556}") = "EconomyService.Application", "src\Services\EconomyService\EconomyService.Application\EconomyService.Application.csproj", "{69FFFAE6-69B9-446E-9C88-62E906661D11}"
EndProject
Project("{9A19103F-16F7-4668-BE54-9A1E7A4F7556}") = "EconomyService.Core", "src\Services\EconomyService\EconomyService.Core\EconomyService.Core.csproj", "{9F6B1D0D-C018-4AE3-A8B8-58BB98B57385}"
EndProject
Project("{9A19103F-16F7-4668-BE54-9A1E7A4F7556}") = "EconomyService.Infrastructure", "src\Services\EconomyService\EconomyService.Infrastructure\EconomyService.Infrastructure.csproj", "{C6D39861-AA23-48D8-A568-E259B4A61E74}"
EndProject
Project("{9A19103F-16F7-4668-BE54-9A1E7A4F7556}") = "EventService.Api", "src\Services\EventService\EventService.Api\EventService.Api.csproj", "{553519B4-D75B-470C-81D3-4206536EB189}"
EndProject
Project("{9A19103F-16F7-4668-BE54-9A1E7A4F7556}") = "EventService.Application", "src\Services\EventService\EventService.Application\EventService.Application.csproj", "{461D8451-FE73-4CD9-A170-DBD3996F6054}"
EndProject
Project("{9A19103F-16F7-4668-BE54-9A1E7A4F7556}") = "EventService.Core", "src\Services\EventService\EventService.Core\EventService.Core.csproj", "{3E5B2BC8-FF84-452D-A1C4-983EED946A57}"
EndProject
Project("{9A19103F-16F7-4668-BE54-9A1E7A4F7556}") = "EventService.Infrastructure", "src\Services\EventService\EventService.Infrastructure\EventService.Infrastructure.csproj", "{67225CA6-5EF6-423F-962B-563F18DD65D7}"
EndProject
Project("{9A19103F-16F7-4668-BE54-9A1E7A4F7556}") = "InventoryService.Api", "src\Services\InventoryService\InventoryService.Api\InventoryService.Api.csproj", "{EC7B2BB8-7CF3-4D2D-814B-153DCDE323EC}"
EndProject
Project("{9A19103F-16F7-4668-BE54-9A1E7A4F7556}") = "InventoryService.Application", "src\Services\InventoryService\InventoryService.Application\InventoryService.Application.csproj", "{68505D57-82AF-4D54-8CAA-533C736578B9}"
EndProject
Project("{9A19103F-16F7-4668-BE54-9A1E7A4F7556}") = "InventoryService.Core", "src\Services\InventoryService\InventoryService.Core\InventoryService.Core.csproj", "{5308F9D0-E402-46A5-AEF3-3A2C2FEB06E9}"
EndProject
Project("{9A19103F-16F7-4668-BE54-9A1E7A4F7556}") = "InventoryService.Infrastructure", "src\Services\InventoryService\InventoryService.Infrastructure\InventoryService.Infrastructure.csproj", "{22FB0456-3ACE-48D6-848D-869F84BCB7F8}"
EndProject
Project("{9A19103F-16F7-4668-BE54-9A1E7A4F7556}") = "NotificationService.Api", "src\Services\NotificationService\NotificationService.Api\NotificationService.Api.csproj", "{741E4FD0-AA06-4C6D-AE9C-F162893D70DA}"
EndProject
Project("{9A19103F-16F7-4668-BE54-9A1E7A4F7556}") = "NotificationService.Application", "src\Services\NotificationService\NotificationService.Application\NotificationService.Application.csproj", "{8A13B248-E8B6-49ED-94F3-180768B966E2}"
EndProject
Project("{9A19103F-16F7-4668-BE54-9A1E7A4F7556}") = "NotificationService.Core", "src\Services\NotificationService\NotificationService.Core\NotificationService.Core.csproj", "{83471131-A706-4FB9-906A-71065D9D35A8}"
EndProject
Project("{9A19103F-16F7-4668-BE54-9A1E7A4F7556}") = "NotificationService.Infrastructure", "src\Services\NotificationService\NotificationService.Infrastructure\NotificationService.Infrastructure.csproj", "{5700EC6A-035F-409F-B07F-FD6A5156D3A8}"
EndProject
Project("{9A19103F-16F7-4668-BE54-9A1E7A4F7556}") = "ProfessionalService.Api", "src\Services\ProfessionalService\ProfessionalService.Api\ProfessionalService.Api.csproj", "{25251A02-1B71-495F-8EEF-F42EF66F23D5}"
EndProject
Project("{9A19103F-16F7-4668-BE54-9A1E7A4F7556}") = "ProfessionalService.Application", "src\Services\ProfessionalService\ProfessionalService.Application\ProfessionalService.Application.csproj", "{EFF017E9-90C7-46DA-84AC-914CE4EEBBC7}"
EndProject
Project("{9A19103F-16F7-4668-BE54-9A1E7A4F7556}") = "ProfessionalService.Core", "src\Services\ProfessionalService\ProfessionalService.Core\ProfessionalService.Core.csproj", "{2ADE3A89-B571-46B9-9361-C3E5DCA5CD85}"
EndProject
Project("{9A19103F-16F7-4668-BE54-9A1E7A4F7556}") = "ProfessionalService.Infrastructure", "src\Services\ProfessionalService\ProfessionalService.Infrastructure\ProfessionalService.Infrastructure.csproj", "{9822202D-8D7E-4788-8714-923F7FCBB02C}"
EndProject
Project("{9A19103F-16F7-4668-BE54-9A1E7A4F7556}") = "QuestService.Api", "src\Services\QuestService\QuestService.Api\QuestService.Api.csproj", "{86B0C64B-CA4D-4D08-AEF7-11408E92DCFC}"
EndProject
Project("{9A19103F-16F7-4668-BE54-9A1E7A4F7556}") = "QuestService.Application", "src\Services\QuestService\QuestService.Application\QuestService.Application.csproj", "{46068F1D-7CEF-4427-910A-F8940E2916A5}"
EndProject
Project("{9A19103F-16F7-4668-BE54-9A1E7A4F7556}") = "QuestService.Core", "src\Services\QuestService\QuestService.Core\QuestService.Core.csproj", "{C0031D31-E9CE-4719-86E2-A284226F7C46}"
EndProject
Project("{9A19103F-16F7-4668-BE54-9A1E7A4F7556}") = "QuestService.Infrastructure", "src\Services\QuestService\QuestService.Infrastructure\QuestService.Infrastructure.csproj", "{5A89560E-91CE-439E-A13A-FD1F22FB873A}"
EndProject
Project("{9A19103F-16F7-4668-BE54-9A1E7A4F7556}") = "ShopService.Api", "src\Services\ShopService\ShopService.Api\ShopService.Api.csproj", "{B89CC85D-1394-4BDE-94E3-FFF8BB96E25E}"
EndProject
Project("{9A19103F-16F7-4668-BE54-9A1E7A4F7556}") = "ShopService.Application", "src\Services\ShopService\ShopService.Application\ShopService.Application.csproj", "{6D545E1C-774A-4D71-81B0-AF292A05CB33}"
EndProject
Project("{9A19103F-16F7-4668-BE54-9A1E7A4F7556}") = "ShopService.Core", "src\Services\ShopService\ShopService.Core\ShopService.Core.csproj", "{12685341-C755-4CB2-8CA4-C1FE6ABA7FB1}"
EndProject
Project("{9A19103F-16F7-4668-BE54-9A1E7A4F7556}") = "ShopService.Infrastructure", "src\Services\ShopService\ShopService.Infrastructure\ShopService.Infrastructure.csproj", "{BF86371B-A0D2-46F3-A535-478FD0CF61CA}"
EndProject
Project("{9A19103F-16F7-4668-BE54-9A1E7A4F7556}") = "SocialService.Api", "src\Services\SocialService\SocialService.Api\SocialService.Api.csproj", "{B2C456C5-3D26-46F3-B412-135B42691CD8}"
EndProject
Project("{9A19103F-16F7-4668-BE54-9A1E7A4F7556}") = "SocialService.Application", "src\Services\SocialService\SocialService.Application\SocialService.Application.csproj", "{C0C5DEF2-A384-485B-A622-004C3626F5D3}"
EndProject
Project("{9A19103F-16F7-4668-BE54-9A1E7A4F7556}") = "SocialService.Core", "src\Services\SocialService\SocialService.Core\SocialService.Core.csproj", "{553DD735-80AC-4424-B31B-310A60D78CA1}"
EndProject
Project("{9A19103F-16F7-4668-BE54-9A1E7A4F7556}") = "SocialService.Infrastructure", "src\Services\SocialService\SocialService.Infrastructure\SocialService.Infrastructure.csproj", "{97590B49-034F-464C-8B8E-74D95719F515}"
EndProject
Project("{9A19103F-16F7-4668-BE54-9A1E7A4F7556}") = "Infrastructure.Logging", "src\Infrastructure\Infrastructure.Logging\Infrastructure.Logging.csproj", "{187095E8-47DA-418D-A00F-F6E8889AF696}"
EndProject
Project("{9A19103F-16F7-4668-BE54-9A1E7A4F7556}") = "Infrastructure.Messaging", "src\Infrastructure\Infrastructure.Messaging\Infrastructure.Messaging.csproj", "{62F3EB2A-CD0D-42A4-8B49-0F3FDCD4A07B}"
EndProject
Project("{9A19103F-16F7-4668-BE54-9A1E7A4F7556}") = "Infrastructure.Monitoring", "src\Infrastructure\Infrastructure.Monitoring\Infrastructure.Monitoring.csproj", "{C3513331-595A-4B4A-98B5-4A23000734E7}"
EndProject
Project("{9A19103F-16F7-4668-BE54-9A1E7A4F7556}") = "OcelotGateway", "src\ApiGateway\OcelotGateway\OcelotGateway.csproj", "{4F101998-8D84-4D4A-B30A-28D25BEDB406}"
EndProject
Project("{2150E333-8FDC-42A3-9474-1A3956D46DE8}") = "AdminService", "AdminService", "{23784BF6-0FF7-4634-88FC-3729774CAE0F}"
EndProject
Project("{2150E333-8FDC-42A3-9474-1A3956D46DE8}") = "CharacterService", "CharacterService", "{6BE9BD18-17E4-4753-A579-4564769F09EA}"
EndProject
Project("{2150E333-8FDC-42A3-9474-1A3956D46DE8}") = "EconomyService", "EconomyService", "{5B221580-0528-471C-ABA1-59502822AACC}"
EndProject
Project("{2150E333-8FDC-42A3-9474-1A3956D46DE8}") = "EventService", "EventService", "{B492B0DC-069C-446D-9F4B-87A06E763225}"
EndProject
Project("{2150E333-8FDC-42A3-9474-1A3956D46DE8}") = "InventoryService", "InventoryService", "{82CC9FEF-579D-4240-B308-34898F50EA06}"
EndProject
Project("{2150E333-8FDC-42A3-9474-1A3956D46DE8}") = "NotificationService", "NotificationService", "{E6FD0F57-41F8-4102-97D4-B0B7E58B3092}"
EndProject
Project("{2150E333-8FDC-42A3-9474-1A3956D46DE8}") = "ProfessionalService", "ProfessionalService", "{49077050-B2C3-4538-8544-171F3A9CB6F8}"
EndProject
Project("{2150E333-8FDC-42A3-9474-1A3956D46DE8}") = "QuestService", "QuestService", "{76DEEAF3-BD6A-4EE2-840B-8CD8271BAD92}"
EndProject
Project("{2150E333-8FDC-42A3-9474-1A3956D46DE8}") = "ShopService", "ShopService", "{6C38D646-4DBB-4215-BA67-4B6151408B1E}"
EndProject
Project("{2150E333-8FDC-42A3-9474-1A3956D46DE8}") = "SocialService", "SocialService", "{E259B3A1-2182-404C-BA1D-D8AA5798FFD0}"
EndProject
Global
	GlobalSection(SolutionConfigurationPlatforms) = preSolution
		Debug|Any CPU = Debug|Any CPU
		Release|Any CPU = Release|Any CPU
	EndGlobalSection
	GlobalSection(ProjectConfigurationPlatforms) = postSolution
		{880BD754-2DD5-4AC0-A6E7-59B93163D562}.Debug|Any CPU.ActiveCfg = Debug|Any CPU
		{880BD754-2DD5-4AC0-A6E7-59B93163D562}.Debug|Any CPU.Build.0 = Debug|Any CPU
		{880BD754-2DD5-4AC0-A6E7-59B93163D562}.Release|Any CPU.ActiveCfg = Release|Any CPU
		{880BD754-2DD5-4AC0-A6E7-59B93163D562}.Release|Any CPU.Build.0 = Release|Any CPU
		{9A7A20FF-1B28-4BF3-B912-F20E24EFFEED}.Debug|Any CPU.ActiveCfg = Debug|Any CPU
		{9A7A20FF-1B28-4BF3-B912-F20E24EFFEED}.Debug|Any CPU.Build.0 = Debug|Any CPU
		{9A7A20FF-1B28-4BF3-B912-F20E24EFFEED}.Release|Any CPU.ActiveCfg = Release|Any CPU
		{9A7A20FF-1B28-4BF3-B912-F20E24EFFEED}.Release|Any CPU.Build.0 = Release|Any CPU
		{6CE8B2D1-1E5B-4223-9DA7-1B085E21435B}.Debug|Any CPU.ActiveCfg = Debug|Any CPU
		{6CE8B2D1-1E5B-4223-9DA7-1B085E21435B}.Debug|Any CPU.Build.0 = Debug|Any CPU
		{6CE8B2D1-1E5B-4223-9DA7-1B085E21435B}.Release|Any CPU.ActiveCfg = Release|Any CPU
		{6CE8B2D1-1E5B-4223-9DA7-1B085E21435B}.Release|Any CPU.Build.0 = Release|Any CPU
		{397F00B6-1DA3-43D6-B42C-0233638DF8BF}.Debug|Any CPU.ActiveCfg = Debug|Any CPU
		{397F00B6-1DA3-43D6-B42C-0233638DF8BF}.Debug|Any CPU.Build.0 = Debug|Any CPU
		{397F00B6-1DA3-43D6-B42C-0233638DF8BF}.Release|Any CPU.ActiveCfg = Release|Any CPU
		{397F00B6-1DA3-43D6-B42C-0233638DF8BF}.Release|Any CPU.Build.0 = Release|Any CPU
		{A794DC19-D95B-4277-95B0-43524E8922D5}.Debug|Any CPU.ActiveCfg = Debug|Any CPU
		{A794DC19-D95B-4277-95B0-43524E8922D5}.Debug|Any CPU.Build.0 = Debug|Any CPU
		{A794DC19-D95B-4277-95B0-43524E8922D5}.Release|Any CPU.ActiveCfg = Release|Any CPU
		{A794DC19-D95B-4277-95B0-43524E8922D5}.Release|Any CPU.Build.0 = Release|Any CPU
		{EE4D057E-6C86-489E-8911-2A092C3E77B8}.Debug|Any CPU.ActiveCfg = Debug|Any CPU
		{EE4D057E-6C86-489E-8911-2A092C3E77B8}.Debug|Any CPU.Build.0 = Debug|Any CPU
		{EE4D057E-6C86-489E-8911-2A092C3E77B8}.Release|Any CPU.ActiveCfg = Release|Any CPU
		{EE4D057E-6C86-489E-8911-2A092C3E77B8}.Release|Any CPU.Build.0 = Release|Any CPU
		{DC59D189-B70C-428C-A389-87F14D96A241}.Debug|Any CPU.ActiveCfg = Debug|Any CPU
		{DC59D189-B70C-428C-A389-87F14D96A241}.Debug|Any CPU.Build.0 = Debug|Any CPU
		{DC59D189-B70C-428C-A389-87F14D96A241}.Release|Any CPU.ActiveCfg = Release|Any CPU
		{DC59D189-B70C-428C-A389-87F14D96A241}.Release|Any CPU.Build.0 = Release|Any CPU
		{C7179E56-49B2-4DD2-A8FA-2041CB3AAAAE}.Debug|Any CPU.ActiveCfg = Debug|Any CPU
		{C7179E56-49B2-4DD2-A8FA-2041CB3AAAAE}.Debug|Any CPU.Build.0 = Debug|Any CPU
		{C7179E56-49B2-4DD2-A8FA-2041CB3AAAAE}.Release|Any CPU.ActiveCfg = Release|Any CPU
		{C7179E56-49B2-4DD2-A8FA-2041CB3AAAAE}.Release|Any CPU.Build.0 = Release|Any CPU
		{5CE1C8D5-824B-4394-824F-6B2B7B8FA03D}.Debug|Any CPU.ActiveCfg = Debug|Any CPU
		{5CE1C8D5-824B-4394-824F-6B2B7B8FA03D}.Debug|Any CPU.Build.0 = Debug|Any CPU
		{5CE1C8D5-824B-4394-824F-6B2B7B8FA03D}.Release|Any CPU.ActiveCfg = Release|Any CPU
		{5CE1C8D5-824B-4394-824F-6B2B7B8FA03D}.Release|Any CPU.Build.0 = Release|Any CPU
		{69FFFAE6-69B9-446E-9C88-62E906661D11}.Debug|Any CPU.ActiveCfg = Debug|Any CPU
		{69FFFAE6-69B9-446E-9C88-62E906661D11}.Debug|Any CPU.Build.0 = Debug|Any CPU
		{69FFFAE6-69B9-446E-9C88-62E906661D11}.Release|Any CPU.ActiveCfg = Release|Any CPU
		{69FFFAE6-69B9-446E-9C88-62E906661D11}.Release|Any CPU.Build.0 = Release|Any CPU
		{9F6B1D0D-C018-4AE3-A8B8-58BB98B57385}.Debug|Any CPU.ActiveCfg = Debug|Any CPU
		{9F6B1D0D-C018-4AE3-A8B8-58BB98B57385}.Debug|Any CPU.Build.0 = Debug|Any CPU
		{9F6B1D0D-C018-4AE3-A8B8-58BB98B57385}.Release|Any CPU.ActiveCfg = Release|Any CPU
		{9F6B1D0D-C018-4AE3-A8B8-58BB98B57385}.Release|Any CPU.Build.0 = Release|Any CPU
		{C6D39861-AA23-48D8-A568-E259B4A61E74}.Debug|Any CPU.ActiveCfg = Debug|Any CPU
		{C6D39861-AA23-48D8-A568-E259B4A61E74}.Debug|Any CPU.Build.0 = Debug|Any CPU
		{C6D39861-AA23-48D8-A568-E259B4A61E74}.Release|Any CPU.ActiveCfg = Release|Any CPU
		{C6D39861-AA23-48D8-A568-E259B4A61E74}.Release|Any CPU.Build.0 = Release|Any CPU
		{553519B4-D75B-470C-81D3-4206536EB189}.Debug|Any CPU.ActiveCfg = Debug|Any CPU
		{553519B4-D75B-470C-81D3-4206536EB189}.Debug|Any CPU.Build.0 = Debug|Any CPU
		{553519B4-D75B-470C-81D3-4206536EB189}.Release|Any CPU.ActiveCfg = Release|Any CPU
		{553519B4-D75B-470C-81D3-4206536EB189}.Release|Any CPU.Build.0 = Release|Any CPU
		{461D8451-FE73-4CD9-A170-DBD3996F6054}.Debug|Any CPU.ActiveCfg = Debug|Any CPU
		{461D8451-FE73-4CD9-A170-DBD3996F6054}.Debug|Any CPU.Build.0 = Debug|Any CPU
		{461D8451-FE73-4CD9-A170-DBD3996F6054}.Release|Any CPU.ActiveCfg = Release|Any CPU
		{461D8451-FE73-4CD9-A170-DBD3996F6054}.Release|Any CPU.Build.0 = Release|Any CPU
		{3E5B2BC8-FF84-452D-A1C4-983EED946A57}.Debug|Any CPU.ActiveCfg = Debug|Any CPU
		{3E5B2BC8-FF84-452D-A1C4-983EED946A57}.Debug|Any CPU.Build.0 = Debug|Any CPU
		{3E5B2BC8-FF84-452D-A1C4-983EED946A57}.Release|Any CPU.ActiveCfg = Release|Any CPU
		{3E5B2BC8-FF84-452D-A1C4-983EED946A57}.Release|Any CPU.Build.0 = Release|Any CPU
		{67225CA6-5EF6-423F-962B-563F18DD65D7}.Debug|Any CPU.ActiveCfg = Debug|Any CPU
		{67225CA6-5EF6-423F-962B-563F18DD65D7}.Debug|Any CPU.Build.0 = Debug|Any CPU
		{67225CA6-5EF6-423F-962B-563F18DD65D7}.Release|Any CPU.ActiveCfg = Release|Any CPU
		{67225CA6-5EF6-423F-962B-563F18DD65D7}.Release|Any CPU.Build.0 = Release|Any CPU
		{EC7B2BB8-7CF3-4D2D-814B-153DCDE323EC}.Debug|Any CPU.ActiveCfg = Debug|Any CPU
		{EC7B2BB8-7CF3-4D2D-814B-153DCDE323EC}.Debug|Any CPU.Build.0 = Debug|Any CPU
		{EC7B2BB8-7CF3-4D2D-814B-153DCDE323EC}.Release|Any CPU.ActiveCfg = Release|Any CPU
		{EC7B2BB8-7CF3-4D2D-814B-153DCDE323EC}.Release|Any CPU.Build.0 = Release|Any CPU
		{68505D57-82AF-4D54-8CAA-533C736578B9}.Debug|Any CPU.ActiveCfg = Debug|Any CPU
		{68505D57-82AF-4D54-8CAA-533C736578B9}.Debug|Any CPU.Build.0 = Debug|Any CPU
		{68505D57-82AF-4D54-8CAA-533C736578B9}.Release|Any CPU.ActiveCfg = Release|Any CPU
		{68505D57-82AF-4D54-8CAA-533C736578B9}.Release|Any CPU.Build.0 = Release|Any CPU
		{5308F9D0-E402-46A5-AEF3-3A2C2FEB06E9}.Debug|Any CPU.ActiveCfg = Debug|Any CPU
		{5308F9D0-E402-46A5-AEF3-3A2C2FEB06E9}.Debug|Any CPU.Build.0 = Debug|Any CPU
		{5308F9D0-E402-46A5-AEF3-3A2C2FEB06E9}.Release|Any CPU.ActiveCfg = Release|Any CPU
		{5308F9D0-E402-46A5-AEF3-3A2C2FEB06E9}.Release|Any CPU.Build.0 = Release|Any CPU
		{22FB0456-3ACE-48D6-848D-869F84BCB7F8}.Debug|Any CPU.ActiveCfg = Debug|Any CPU
		{22FB0456-3ACE-48D6-848D-869F84BCB7F8}.Debug|Any CPU.Build.0 = Debug|Any CPU
		{22FB0456-3ACE-48D6-848D-869F84BCB7F8}.Release|Any CPU.ActiveCfg = Release|Any CPU
		{22FB0456-3ACE-48D6-848D-869F84BCB7F8}.Release|Any CPU.Build.0 = Release|Any CPU
		{741E4FD0-AA06-4C6D-AE9C-F162893D70DA}.Debug|Any CPU.ActiveCfg = Debug|Any CPU
		{741E4FD0-AA06-4C6D-AE9C-F162893D70DA}.Debug|Any CPU.Build.0 = Debug|Any CPU
		{741E4FD0-AA06-4C6D-AE9C-F162893D70DA}.Release|Any CPU.ActiveCfg = Release|Any CPU
		{741E4FD0-AA06-4C6D-AE9C-F162893D70DA}.Release|Any CPU.Build.0 = Release|Any CPU
		{8A13B248-E8B6-49ED-94F3-180768B966E2}.Debug|Any CPU.ActiveCfg = Debug|Any CPU
		{8A13B248-E8B6-49ED-94F3-180768B966E2}.Debug|Any CPU.Build.0 = Debug|Any CPU
		{8A13B248-E8B6-49ED-94F3-180768B966E2}.Release|Any CPU.ActiveCfg = Release|Any CPU
		{8A13B248-E8B6-49ED-94F3-180768B966E2}.Release|Any CPU.Build.0 = Release|Any CPU
		{83471131-A706-4FB9-906A-71065D9D35A8}.Debug|Any CPU.ActiveCfg = Debug|Any CPU
		{83471131-A706-4FB9-906A-71065D9D35A8}.Debug|Any CPU.Build.0 = Debug|Any CPU
		{83471131-A706-4FB9-906A-71065D9D35A8}.Release|Any CPU.ActiveCfg = Release|Any CPU
		{83471131-A706-4FB9-906A-71065D9D35A8}.Release|Any CPU.Build.0 = Release|Any CPU
		{5700EC6A-035F-409F-B07F-FD6A5156D3A8}.Debug|Any CPU.ActiveCfg = Debug|Any CPU
		{5700EC6A-035F-409F-B07F-FD6A5156D3A8}.Debug|Any CPU.Build.0 = Debug|Any CPU
		{5700EC6A-035F-409F-B07F-FD6A5156D3A8}.Release|Any CPU.ActiveCfg = Release|Any CPU
		{5700EC6A-035F-409F-B07F-FD6A5156D3A8}.Release|Any CPU.Build.0 = Release|Any CPU
		{25251A02-1B71-495F-8EEF-F42EF66F23D5}.Debug|Any CPU.ActiveCfg = Debug|Any CPU
		{25251A02-1B71-495F-8EEF-F42EF66F23D5}.Debug|Any CPU.Build.0 = Debug|Any CPU
		{25251A02-1B71-495F-8EEF-F42EF66F23D5}.Release|Any CPU.ActiveCfg = Release|Any CPU
		{25251A02-1B71-495F-8EEF-F42EF66F23D5}.Release|Any CPU.Build.0 = Release|Any CPU
		{EFF017E9-90C7-46DA-84AC-914CE4EEBBC7}.Debug|Any CPU.ActiveCfg = Debug|Any CPU
		{EFF017E9-90C7-46DA-84AC-914CE4EEBBC7}.Debug|Any CPU.Build.0 = Debug|Any CPU
		{EFF017E9-90C7-46DA-84AC-914CE4EEBBC7}.Release|Any CPU.ActiveCfg = Release|Any CPU
		{EFF017E9-90C7-46DA-84AC-914CE4EEBBC7}.Release|Any CPU.Build.0 = Release|Any CPU
		{2ADE3A89-B571-46B9-9361-C3E5DCA5CD85}.Debug|Any CPU.ActiveCfg = Debug|Any CPU
		{2ADE3A89-B571-46B9-9361-C3E5DCA5CD85}.Debug|Any CPU.Build.0 = Debug|Any CPU
		{2ADE3A89-B571-46B9-9361-C3E5DCA5CD85}.Release|Any CPU.ActiveCfg = Release|Any CPU
		{2ADE3A89-B571-46B9-9361-C3E5DCA5CD85}.Release|Any CPU.Build.0 = Release|Any CPU
		{9822202D-8D7E-4788-8714-923F7FCBB02C}.Debug|Any CPU.ActiveCfg = Debug|Any CPU
		{9822202D-8D7E-4788-8714-923F7FCBB02C}.Debug|Any CPU.Build.0 = Debug|Any CPU
		{9822202D-8D7E-4788-8714-923F7FCBB02C}.Release|Any CPU.ActiveCfg = Release|Any CPU
		{9822202D-8D7E-4788-8714-923F7FCBB02C}.Release|Any CPU.Build.0 = Release|Any CPU
		{86B0C64B-CA4D-4D08-AEF7-11408E92DCFC}.Debug|Any CPU.ActiveCfg = Debug|Any CPU
		{86B0C64B-CA4D-4D08-AEF7-11408E92DCFC}.Debug|Any CPU.Build.0 = Debug|Any CPU
		{86B0C64B-CA4D-4D08-AEF7-11408E92DCFC}.Release|Any CPU.ActiveCfg = Release|Any CPU
		{86B0C64B-CA4D-4D08-AEF7-11408E92DCFC}.Release|Any CPU.Build.0 = Release|Any CPU
		{46068F1D-7CEF-4427-910A-F8940E2916A5}.Debug|Any CPU.ActiveCfg = Debug|Any CPU
		{46068F1D-7CEF-4427-910A-F8940E2916A5}.Debug|Any CPU.Build.0 = Debug|Any CPU
		{46068F1D-7CEF-4427-910A-F8940E2916A5}.Release|Any CPU.ActiveCfg = Release|Any CPU
		{46068F1D-7CEF-4427-910A-F8940E2916A5}.Release|Any CPU.Build.0 = Release|Any CPU
		{C0031D31-E9CE-4719-86E2-A284226F7C46}.Debug|Any CPU.ActiveCfg = Debug|Any CPU
		{C0031D31-E9CE-4719-86E2-A284226F7C46}.Debug|Any CPU.Build.0 = Debug|Any CPU
		{C0031D31-E9CE-4719-86E2-A284226F7C46}.Release|Any CPU.ActiveCfg = Release|Any CPU
		{C0031D31-E9CE-4719-86E2-A284226F7C46}.Release|Any CPU.Build.0 = Release|Any CPU
		{5A89560E-91CE-439E-A13A-FD1F22FB873A}.Debug|Any CPU.ActiveCfg = Debug|Any CPU
		{5A89560E-91CE-439E-A13A-FD1F22FB873A}.Debug|Any CPU.Build.0 = Debug|Any CPU
		{5A89560E-91CE-439E-A13A-FD1F22FB873A}.Release|Any CPU.ActiveCfg = Release|Any CPU
		{5A89560E-91CE-439E-A13A-FD1F22FB873A}.Release|Any CPU.Build.0 = Release|Any CPU
		{B89CC85D-1394-4BDE-94E3-FFF8BB96E25E}.Debug|Any CPU.ActiveCfg = Debug|Any CPU
		{B89CC85D-1394-4BDE-94E3-FFF8BB96E25E}.Debug|Any CPU.Build.0 = Debug|Any CPU
		{B89CC85D-1394-4BDE-94E3-FFF8BB96E25E}.Release|Any CPU.ActiveCfg = Release|Any CPU
		{B89CC85D-1394-4BDE-94E3-FFF8BB96E25E}.Release|Any CPU.Build.0 = Release|Any CPU
		{6D545E1C-774A-4D71-81B0-AF292A05CB33}.Debug|Any CPU.ActiveCfg = Debug|Any CPU
		{6D545E1C-774A-4D71-81B0-AF292A05CB33}.Debug|Any CPU.Build.0 = Debug|Any CPU
		{6D545E1C-774A-4D71-81B0-AF292A05CB33}.Release|Any CPU.ActiveCfg = Release|Any CPU
		{6D545E1C-774A-4D71-81B0-AF292A05CB33}.Release|Any CPU.Build.0 = Release|Any CPU
		{12685341-C755-4CB2-8CA4-C1FE6ABA7FB1}.Debug|Any CPU.ActiveCfg = Debug|Any CPU
		{12685341-C755-4CB2-8CA4-C1FE6ABA7FB1}.Debug|Any CPU.Build.0 = Debug|Any CPU
		{12685341-C755-4CB2-8CA4-C1FE6ABA7FB1}.Release|Any CPU.ActiveCfg = Release|Any CPU
		{12685341-C755-4CB2-8CA4-C1FE6ABA7FB1}.Release|Any CPU.Build.0 = Release|Any CPU
		{BF86371B-A0D2-46F3-A535-478FD0CF61CA}.Debug|Any CPU.ActiveCfg = Debug|Any CPU
		{BF86371B-A0D2-46F3-A535-478FD0CF61CA}.Debug|Any CPU.Build.0 = Debug|Any CPU
		{BF86371B-A0D2-46F3-A535-478FD0CF61CA}.Release|Any CPU.ActiveCfg = Release|Any CPU
		{BF86371B-A0D2-46F3-A535-478FD0CF61CA}.Release|Any CPU.Build.0 = Release|Any CPU
		{B2C456C5-3D26-46F3-B412-135B42691CD8}.Debug|Any CPU.ActiveCfg = Debug|Any CPU
		{B2C456C5-3D26-46F3-B412-135B42691CD8}.Debug|Any CPU.Build.0 = Debug|Any CPU
		{B2C456C5-3D26-46F3-B412-135B42691CD8}.Release|Any CPU.ActiveCfg = Release|Any CPU
		{B2C456C5-3D26-46F3-B412-135B42691CD8}.Release|Any CPU.Build.0 = Release|Any CPU
		{C0C5DEF2-A384-485B-A622-004C3626F5D3}.Debug|Any CPU.ActiveCfg = Debug|Any CPU
		{C0C5DEF2-A384-485B-A622-004C3626F5D3}.Debug|Any CPU.Build.0 = Debug|Any CPU
		{C0C5DEF2-A384-485B-A622-004C3626F5D3}.Release|Any CPU.ActiveCfg = Release|Any CPU
		{C0C5DEF2-A384-485B-A622-004C3626F5D3}.Release|Any CPU.Build.0 = Release|Any CPU
		{553DD735-80AC-4424-B31B-310A60D78CA1}.Debug|Any CPU.ActiveCfg = Debug|Any CPU
		{553DD735-80AC-4424-B31B-310A60D78CA1}.Debug|Any CPU.Build.0 = Debug|Any CPU
		{553DD735-80AC-4424-B31B-310A60D78CA1}.Release|Any CPU.ActiveCfg = Release|Any CPU
		{553DD735-80AC-4424-B31B-310A60D78CA1}.Release|Any CPU.Build.0 = Release|Any CPU
		{97590B49-034F-464C-8B8E-74D95719F515}.Debug|Any CPU.ActiveCfg = Debug|Any CPU
		{97590B49-034F-464C-8B8E-74D95719F515}.Debug|Any CPU.Build.0 = Debug|Any CPU
		{97590B49-034F-464C-8B8E-74D95719F515}.Release|Any CPU.ActiveCfg = Release|Any CPU
		{97590B49-034F-464C-8B8E-74D95719F515}.Release|Any CPU.Build.0 = Release|Any CPU
		{187095E8-47DA-418D-A00F-F6E8889AF696}.Debug|Any CPU.ActiveCfg = Debug|Any CPU
		{187095E8-47DA-418D-A00F-F6E8889AF696}.Debug|Any CPU.Build.0 = Debug|Any CPU
		{187095E8-47DA-418D-A00F-F6E8889AF696}.Release|Any CPU.ActiveCfg = Release|Any CPU
		{187095E8-47DA-418D-A00F-F6E8889AF696}.Release|Any CPU.Build.0 = Release|Any CPU
		{62F3EB2A-CD0D-42A4-8B49-0F3FDCD4A07B}.Debug|Any CPU.ActiveCfg = Debug|Any CPU
		{62F3EB2A-CD0D-42A4-8B49-0F3FDCD4A07B}.Debug|Any CPU.Build.0 = Debug|Any CPU
		{62F3EB2A-CD0D-42A4-8B49-0F3FDCD4A07B}.Release|Any CPU.ActiveCfg = Release|Any CPU
		{62F3EB2A-CD0D-42A4-8B49-0F3FDCD4A07B}.Release|Any CPU.Build.0 = Release|Any CPU
		{C3513331-595A-4B4A-98B5-4A23000734E7}.Debug|Any CPU.ActiveCfg = Debug|Any CPU
		{C3513331-595A-4B4A-98B5-4A23000734E7}.Debug|Any CPU.Build.0 = Debug|Any CPU
		{C3513331-595A-4B4A-98B5-4A23000734E7}.Release|Any CPU.ActiveCfg = Release|Any CPU
		{C3513331-595A-4B4A-98B5-4A23000734E7}.Release|Any CPU.Build.0 = Release|Any CPU
		{4F101998-8D84-4D4A-B30A-28D25BEDB406}.Debug|Any CPU.ActiveCfg = Debug|Any CPU
		{4F101998-8D84-4D4A-B30A-28D25BEDB406}.Debug|Any CPU.Build.0 = Debug|Any CPU
		{4F101998-8D84-4D4A-B30A-28D25BEDB406}.Release|Any CPU.ActiveCfg = Release|Any CPU
		{4F101998-8D84-4D4A-B30A-28D25BEDB406}.Release|Any CPU.Build.0 = Release|Any CPU
	EndGlobalSection
	GlobalSection(SolutionProperties) = preSolution
		HideSolutionNode = FALSE
	EndGlobalSection
	GlobalSection(NestedProjects) = preSolution
		{C7A4F037-4ED9-4D70-94AE-79A061976442} = {6F1CB678-C2FD-4EC5-8AAE-04050A4A832F}
		{EDFDA68E-C626-4CCD-9527-B24BD0859389} = {6F1CB678-C2FD-4EC5-8AAE-04050A4A832F}
		{A166FE62-72F5-414B-B217-983857304439} = {6F1CB678-C2FD-4EC5-8AAE-04050A4A832F}
		{6B4E1A3A-8498-4C82-AAC1-644853A853E0} = {6F1CB678-C2FD-4EC5-8AAE-04050A4A832F}
		{880BD754-2DD5-4AC0-A6E7-59B93163D562} = {23784BF6-0FF7-4634-88FC-3729774CAE0F}
		{9A7A20FF-1B28-4BF3-B912-F20E24EFFEED} = {23784BF6-0FF7-4634-88FC-3729774CAE0F}
		{6CE8B2D1-1E5B-4223-9DA7-1B085E21435B} = {23784BF6-0FF7-4634-88FC-3729774CAE0F}
		{397F00B6-1DA3-43D6-B42C-0233638DF8BF} = {23784BF6-0FF7-4634-88FC-3729774CAE0F}
		{A794DC19-D95B-4277-95B0-43524E8922D5} = {6BE9BD18-17E4-4753-A579-4564769F09EA}
		{EE4D057E-6C86-489E-8911-2A092C3E77B8} = {6BE9BD18-17E4-4753-A579-4564769F09EA}
		{DC59D189-B70C-428C-A389-87F14D96A241} = {6BE9BD18-17E4-4753-A579-4564769F09EA}
		{C7179E56-49B2-4DD2-A8FA-2041CB3AAAAE} = {6BE9BD18-17E4-4753-A579-4564769F09EA}
		{5CE1C8D5-824B-4394-824F-6B2B7B8FA03D} = {5B221580-0528-471C-ABA1-59502822AACC}
		{69FFFAE6-69B9-446E-9C88-62E906661D11} = {5B221580-0528-471C-ABA1-59502822AACC}
		{9F6B1D0D-C018-4AE3-A8B8-58BB98B57385} = {5B221580-0528-471C-ABA1-59502822AACC}
		{C6D39861-AA23-48D8-A568-E259B4A61E74} = {5B221580-0528-471C-ABA1-59502822AACC}
		{553519B4-D75B-470C-81D3-4206536EB189} = {B492B0DC-069C-446D-9F4B-87A06E763225}
		{461D8451-FE73-4CD9-A170-DBD3996F6054} = {B492B0DC-069C-446D-9F4B-87A06E763225}
		{3E5B2BC8-FF84-452D-A1C4-983EED946A57} = {B492B0DC-069C-446D-9F4B-87A06E763225}
		{67225CA6-5EF6-423F-962B-563F18DD65D7} = {B492B0DC-069C-446D-9F4B-87A06E763225}
		{EC7B2BB8-7CF3-4D2D-814B-153DCDE323EC} = {82CC9FEF-579D-4240-B308-34898F50EA06}
		{68505D57-82AF-4D54-8CAA-533C736578B9} = {82CC9FEF-579D-4240-B308-34898F50EA06}
		{5308F9D0-E402-46A5-AEF3-3A2C2FEB06E9} = {82CC9FEF-579D-4240-B308-34898F50EA06}
		{22FB0456-3ACE-48D6-848D-869F84BCB7F8} = {82CC9FEF-579D-4240-B308-34898F50EA06}
		{741E4FD0-AA06-4C6D-AE9C-F162893D70DA} = {E6FD0F57-41F8-4102-97D4-B0B7E58B3092}
		{8A13B248-E8B6-49ED-94F3-180768B966E2} = {E6FD0F57-41F8-4102-97D4-B0B7E58B3092}
		{83471131-A706-4FB9-906A-71065D9D35A8} = {E6FD0F57-41F8-4102-97D4-B0B7E58B3092}
		{5700EC6A-035F-409F-B07F-FD6A5156D3A8} = {E6FD0F57-41F8-4102-97D4-B0B7E58B3092}
		{25251A02-1B71-495F-8EEF-F42EF66F23D5} = {49077050-B2C3-4538-8544-171F3A9CB6F8}
		{EFF017E9-90C7-46DA-84AC-914CE4EEBBC7} = {49077050-B2C3-4538-8544-171F3A9CB6F8}
		{2ADE3A89-B571-46B9-9361-C3E5DCA5CD85} = {49077050-B2C3-4538-8544-171F3A9CB6F8}
		{9822202D-8D7E-4788-8714-923F7FCBB02C} = {49077050-B2C3-4538-8544-171F3A9CB6F8}
		{86B0C64B-CA4D-4D08-AEF7-11408E92DCFC} = {76DEEAF3-BD6A-4EE2-840B-8CD8271BAD92}
		{46068F1D-7CEF-4427-910A-F8940E2916A5} = {76DEEAF3-BD6A-4EE2-840B-8CD8271BAD92}
		{C0031D31-E9CE-4719-86E2-A284226F7C46} = {76DEEAF3-BD6A-4EE2-840B-8CD8271BAD92}
		{5A89560E-91CE-439E-A13A-FD1F22FB873A} = {76DEEAF3-BD6A-4EE2-840B-8CD8271BAD92}
		{B89CC85D-1394-4BDE-94E3-FFF8BB96E25E} = {6C38D646-4DBB-4215-BA67-4B6151408B1E}
		{6D545E1C-774A-4D71-81B0-AF292A05CB33} = {6C38D646-4DBB-4215-BA67-4B6151408B1E}
		{12685341-C755-4CB2-8CA4-C1FE6ABA7FB1} = {6C38D646-4DBB-4215-BA67-4B6151408B1E}
		{BF86371B-A0D2-46F3-A535-478FD0CF61CA} = {6C38D646-4DBB-4215-BA67-4B6151408B1E}
		{B2C456C5-3D26-46F3-B412-135B42691CD8} = {E259B3A1-2182-404C-BA1D-D8AA5798FFD0}
		{C0C5DEF2-A384-485B-A622-004C3626F5D3} = {E259B3A1-2182-404C-BA1D-D8AA5798FFD0}
		{553DD735-80AC-4424-B31B-310A60D78CA1} = {E259B3A1-2182-404C-BA1D-D8AA5798FFD0}
		{97590B49-034F-464C-8B8E-74D95719F515} = {E259B3A1-2182-404C-BA1D-D8AA5798FFD0}
		{187095E8-47DA-418D-A00F-F6E8889AF696} = {EDFDA68E-C626-4CCD-9527-B24BD0859389}
		{62F3EB2A-CD0D-42A4-8B49-0F3FDCD4A07B} = {EDFDA68E-C626-4CCD-9527-B24BD0859389}
		{C3513331-595A-4B4A-98B5-4A23000734E7} = {EDFDA68E-C626-4CCD-9527-B24BD0859389}
		{4F101998-8D84-4D4A-B30A-28D25BEDB406} = {C7A4F037-4ED9-4D70-94AE-79A061976442}
		{23784BF6-0FF7-4634-88FC-3729774CAE0F} = {6B4E1A3A-8498-4C82-AAC1-644853A853E0}
		{6BE9BD18-17E4-4753-A579-4564769F09EA} = {6B4E1A3A-8498-4C82-AAC1-644853A853E0}
		{5B221580-0528-471C-ABA1-59502822AACC} = {6B4E1A3A-8498-4C82-AAC1-644853A853E0}
		{B492B0DC-069C-446D-9F4B-87A06E763225} = {6B4E1A3A-8498-4C82-AAC1-644853A853E0}
		{82CC9FEF-579D-4240-B308-34898F50EA06} = {6B4E1A3A-8498-4C82-AAC1-644853A853E0}
		{E6FD0F57-41F8-4102-97D4-B0B7E58B3092} = {6B4E1A3A-8498-4C82-AAC1-644853A853E0}
		{49077050-B2C3-4538-8544-171F3A9CB6F8} = {6B4E1A3A-8498-4C82-AAC1-644853A853E0}
		{76DEEAF3-BD6A-4EE2-840B-8CD8271BAD92} = {6B4E1A3A-8498-4C82-AAC1-644853A853E0}
		{6C38D646-4DBB-4215-BA67-4B6151408B1E} = {6B4E1A3A-8498-4C82-AAC1-644853A853E0}
		{E259B3A1-2182-404C-BA1D-D8AA5798FFD0} = {6B4E1A3A-8498-4C82-AAC1-644853A853E0}
	EndGlobalSection
	GlobalSection(ExtensibilityGlobals) = postSolution
		SolutionGuid = {482B5CF2-7D3C-4F80-B380-B0DE1F085D03}
	EndGlobalSection
EndGlobal
